
Microsoft Visual Studio Solution File, Format Version 12.00
# Visual Studio 15
VisualStudioVersion = 15.0.27004.2008
MinimumVisualStudioVersion = 10.0.40219.1
Project("{FAE04EC0-301F-11D3-BF4B-00C04F79EFBC}") = "MV.Client", "MV.Client\MV.Client.csproj", "{49BD9E21-4816-424D-A795-4EA0460A393D}"
EndProject
Global
	GlobalSection(SolutionConfigurationPlatforms) = preSolution
		Debug|Any CPU = Debug|Any CPU
		Debug|x64 = Debug|x64
		Release|Any CPU = Release|Any CPU
		Release|x64 = Release|x64
	EndGlobalSection
	GlobalSection(ProjectConfigurationPlatforms) = postSolution
		{49BD9E21-4816-424D-A795-4EA0460A393D}.Debug|Any CPU.ActiveCfg = Debug|Any CPU
		{49BD9E21-4816-424D-A795-4EA0460A393D}.Debug|Any CPU.Build.0 = Debug|Any CPU
		{49BD9E21-4816-424D-A795-4EA0460A393D}.Debug|x64.ActiveCfg = Debug|x64
		{49BD9E21-4816-424D-A795-4EA0460A393D}.Debug|x64.Build.0 = Debug|x64
		{49BD9E21-4816-424D-A795-4EA0460A393D}.Release|Any CPU.ActiveCfg = Release|Any CPU
		{49BD9E21-4816-424D-A795-4EA0460A393D}.Release|Any CPU.Build.0 = Release|Any CPU
		{49BD9E21-4816-424D-A795-4EA0460A393D}.Release|x64.ActiveCfg = Release|x64
		{49BD9E21-4816-424D-A795-4EA0460A393D}.Release|x64.Build.0 = Release|x64
	EndGlobalSection
	GlobalSection(SolutionProperties) = preSolution
		HideSolutionNode = FALSE
	EndGlobalSection
	GlobalSection(ExtensibilityGlobals) = postSolution
		SolutionGuid = {D9865CF7-9FB7-4A99-823D-99FD31580CED}
	EndGlobalSection
EndGlobal
